Microsoft Visual Studio Solution File, Format Version 12.00
# Visual Studio 14
VisualStudioVersion = 14.0.25420.1
MinimumVisualStudioVersion = 10.0.40219.1
Project("{FAE04EC0-301F-11D3-BF4B-00C04F79EFBC}") = "XLPagerTabStrip", "XLPagerTabStrip\XLPagerTabStrip.csproj", "{47BD137E-0BC0-402F-A3A8-8E257495EDBA}"
EndProject
Project("{FAE04EC0-301F-11D3-BF4B-00C04F79EFBC}") = "TabStripExample", "TabStripExample\TabStripExample.csproj", "{BBF56CBF-6D5B-4200-81E1-6FF94A29183C}"
EndProject
Global
	GlobalSection(SolutionConfigurationPlatforms) = preSolution
		Ad-Hoc|Any CPU = Ad-Hoc|Any CPU
		Ad-Hoc|iPhone = Ad-Hoc|iPhone
		Ad-Hoc|iPhoneSimulator = Ad-Hoc|iPhoneSimulator
		AppStore|Any CPU = AppStore|Any CPU
		AppStore|iPhone = AppStore|iPhone
		AppStore|iPhoneSimulator = AppStore|iPhoneSimulator
		Debug|Any CPU = Debug|Any CPU
		Debug|iPhone = Debug|iPhone
		Debug|iPhoneSimulator = Debug|iPhoneSimulator
		Release|Any CPU = Release|Any CPU
		Release|iPhone = Release|iPhone
		Release|iPhoneSimulator = Release|iPhoneSimulator
	EndGlobalSection
	GlobalSection(ProjectConfigurationPlatforms) = postSolution
		{47BD137E-0BC0-402F-A3A8-8E257495EDBA}.Ad-Hoc|Any CPU.ActiveCfg = Release|Any CPU
		{47BD137E-0BC0-402F-A3A8-8E257495EDBA}.Ad-Hoc|Any CPU.Build.0 = Release|Any CPU
		{47BD137E-0BC0-402F-A3A8-8E257495EDBA}.Ad-Hoc|iPhone.ActiveCfg = Release|Any CPU
		{47BD137E-0BC0-402F-A3A8-8E257495EDBA}.Ad-Hoc|iPhone.Build.0 = Release|Any CPU
		{47BD137E-0BC0-402F-A3A8-8E257495EDBA}.Ad-Hoc|iPhoneSimulator.ActiveCfg = Release|Any CPU
		{47BD137E-0BC0-402F-A3A8-8E257495EDBA}.Ad-Hoc|iPhoneSimulator.Build.0 = Release|Any CPU
		{47BD137E-0BC0-402F-A3A8-8E257495EDBA}.AppStore|Any CPU.ActiveCfg = Release|Any CPU
		{47BD137E-0BC0-402F-A3A8-8E257495EDBA}.AppStore|Any CPU.Build.0 = Release|Any CPU
		{47BD137E-0BC0-402F-A3A8-8E257495EDBA}.AppStore|iPhone.ActiveCfg = Release|Any CPU
		{47BD137E-0BC0-402F-A3A8-8E257495EDBA}.AppStore|iPhone.Build.0 = Release|Any CPU
		{47BD137E-0BC0-402F-A3A8-8E257495EDBA}.AppStore|iPhoneSimulator.ActiveCfg = Release|Any CPU
		{47BD137E-0BC0-402F-A3A8-8E257495EDBA}.AppStore|iPhoneSimulator.Build.0 = Release|Any CPU
		{47BD137E-0BC0-402F-A3A8-8E257495EDBA}.Debug|Any CPU.ActiveCfg = Debug|Any CPU
		{47BD137E-0BC0-402F-A3A8-8E257495EDBA}.Debug|Any CPU.Build.0 = Debug|Any CPU
		{47BD137E-0BC0-402F-A3A8-8E257495EDBA}.Debug|iPhone.ActiveCfg = Debug|Any CPU
		{47BD137E-0BC0-402F-A3A8-8E257495EDBA}.Debug|iPhone.Build.0 = Debug|Any CPU
		{47BD137E-0BC0-402F-A3A8-8E257495EDBA}.Debug|iPhoneSimulator.ActiveCfg = Debug|Any CPU
		{47BD137E-0BC0-402F-A3A8-8E257495EDBA}.Debug|iPhoneSimulator.Build.0 = Debug|Any CPU
		{47BD137E-0BC0-402F-A3A8-8E257495EDBA}.Release|Any CPU.ActiveCfg = Release|Any CPU
		{47BD137E-0BC0-402F-A3A8-8E257495EDBA}.Release|Any CPU.Build.0 = Release|Any CPU
		{47BD137E-0BC0-402F-A3A8-8E257495EDBA}.Release|iPhone.ActiveCfg = Release|Any CPU
		{47BD137E-0BC0-402F-A3A8-8E257495EDBA}.Release|iPhone.Build.0 = Release|Any CPU
		{47BD137E-0BC0-402F-A3A8-8E257495EDBA}.Release|iPhoneSimulator.ActiveCfg = Release|Any CPU
		{47BD137E-0BC0-402F-A3A8-8E257495EDBA}.Release|iPhoneSimulator.Build.0 = Release|Any CPU
		{BBF56CBF-6D5B-4200-81E1-6FF94A29183C}.Ad-Hoc|Any CPU.ActiveCfg = Ad-Hoc|iPhone
		{BBF56CBF-6D5B-4200-81E1-6FF94A29183C}.Ad-Hoc|iPhone.ActiveCfg = Ad-Hoc|iPhone
		{BBF56CBF-6D5B-4200-81E1-6FF94A29183C}.Ad-Hoc|iPhone.Build.0 = Ad-Hoc|iPhone
		{BBF56CBF-6D5B-4200-81E1-6FF94A29183C}.Ad-Hoc|iPhoneSimulator.ActiveCfg = Ad-Hoc|iPhoneSimulator
		{BBF56CBF-6D5B-4200-81E1-6FF94A29183C}.Ad-Hoc|iPhoneSimulator.Build.0 = Ad-Hoc|iPhoneSimulator
		{BBF56CBF-6D5B-4200-81E1-6FF94A29183C}.AppStore|Any CPU.ActiveCfg = AppStore|iPhone
		{BBF56CBF-6D5B-4200-81E1-6FF94A29183C}.AppStore|iPhone.ActiveCfg = AppStore|iPhone
		{BBF56CBF-6D5B-4200-81E1-6FF94A29183C}.AppStore|iPhone.Build.0 = AppStore|iPhone
		{BBF56CBF-6D5B-4200-81E1-6FF94A29183C}.AppStore|iPhoneSimulator.ActiveCfg = AppStore|iPhoneSimulator
		{BBF56CBF-6D5B-4200-81E1-6FF94A29183C}.AppStore|iPhoneSimulator.Build.0 = AppStore|iPhoneSimulator
		{BBF56CBF-6D5B-4200-81E1-6FF94A29183C}.Debug|Any CPU.ActiveCfg = Debug|iPhone
		{BBF56CBF-6D5B-4200-81E1-6FF94A29183C}.Debug|iPhone.ActiveCfg = Debug|iPhone
		{BBF56CBF-6D5B-4200-81E1-6FF94A29183C}.Debug|iPhone.Build.0 = Debug|iPhone
		{BBF56CBF-6D5B-4200-81E1-6FF94A29183C}.Debug|iPhoneSimulator.ActiveCfg = Debug|iPhoneSimulator
		{BBF56CBF-6D5B-4200-81E1-6FF94A29183C}.Debug|iPhoneSimulator.Build.0 = Debug|iPhoneSimulator
		{BBF56CBF-6D5B-4200-81E1-6FF94A29183C}.Release|Any CPU.ActiveCfg = Release|iPhone
		{BBF56CBF-6D5B-4200-81E1-6FF94A29183C}.Release|iPhone.ActiveCfg = Release|iPhone
		{BBF56CBF-6D5B-4200-81E1-6FF94A29183C}.Release|iPhone.Build.0 = Release|iPhone
		{BBF56CBF-6D5B-4200-81E1-6FF94A29183C}.Release|iPhoneSimulator.ActiveCfg = Release|iPhoneSimulator
		{BBF56CBF-6D5B-4200-81E1-6FF94A29183C}.Release|iPhoneSimulator.Build.0 = Release|iPhoneSimulator
	EndGlobalSection
	GlobalSection(SolutionProperties) = preSolution
		HideSolutionNode = FALSE
	EndGlobalSection
EndGlobal
